// !$*UTF8*$!
{
	archiveVersion = 1;
	classes = {
	};
	objectVersion = 55;
	objects = {

/* Begin PBXBuildFile section */
		04F5CBF127D400B70097811E /* AppDelegate.swift in Sources */ = {isa = PBXBuildFile; fileRef = 04F5CBF027D400B70097811E /* AppDelegate.swift */; };
		04F5CBF327D400B70097811E /* SceneDelegate.swift in Sources */ = {isa = PBXBuildFile; fileRef = 04F5CBF227D400B70097811E /* SceneDelegate.swift */; };
		04F5CBF527D400B70097811E /* ViewController.swift in Sources */ = {isa = PBXBuildFile; fileRef = 04F5CBF427D400B70097811E /* ViewController.swift */; };
		04F5CBFA27D400B90097811E /* Assets.xcassets in Resources */ = {isa = PBXBuildFile; fileRef = 04F5CBF927D400B90097811E /* Assets.xcassets */; };
		04F5CBFD27D400B90097811E /* LaunchScreen.storyboard in Resources */ = {isa = PBXBuildFile; fileRef = 04F5CBFB27D400B90097811E /* LaunchScreen.storyboard */; };
		04F5CC0827D408670097811E /* DataModel.swift in Sources */ = {isa = PBXBuildFile; fileRef = 04F5CC0727D408670097811E /* DataModel.swift */; };
		04F5CC0A27D4CCE80097811E /* NetworkManager.swift in Sources */ = {isa = PBXBuildFile; fileRef = 04F5CC0927D4CCE80097811E /* NetworkManager.swift */; };
		04F5CC1927DA3DBF0097811E /* RequestInterceptor.swift in Sources */ = {isa = PBXBuildFile; fileRef = 04F5CC1827DA3DBF0097811E /* RequestInterceptor.swift */; };
		04F5CC1F27DA5ADB0097811E /* RootPresenter.swift in Sources */ = {isa = PBXBuildFile; fileRef = 04F5CC1B27DA5ADB0097811E /* RootPresenter.swift */; };
		04F5CC2027DA5ADB0097811E /* RootRouter.swift in Sources */ = {isa = PBXBuildFile; fileRef = 04F5CC1C27DA5ADB0097811E /* RootRouter.swift */; };
		04F5CC2127DA5ADB0097811E /* RootViewController.swift in Sources */ = {isa = PBXBuildFile; fileRef = 04F5CC1D27DA5ADB0097811E /* RootViewController.swift */; };
		04F5CC2227DA5ADB0097811E /* RootConfigurator.swift in Sources */ = {isa = PBXBuildFile; fileRef = 04F5CC1E27DA5ADB0097811E /* RootConfigurator.swift */; };
		04F5CC2527DA5B050097811E /* BasePresenter.swift in Sources */ = {isa = PBXBuildFile; fileRef = 04F5CC2427DA5B050097811E /* BasePresenter.swift */; };
		04F5CC2727DA5B690097811E /* ViewRoutable.swift in Sources */ = {isa = PBXBuildFile; fileRef = 04F5CC2627DA5B690097811E /* ViewRoutable.swift */; };
		04F5CC2927DA5D740097811E /* KeyChainManager.swift in Sources */ = {isa = PBXBuildFile; fileRef = 04F5CC2827DA5D740097811E /* KeyChainManager.swift */; };
		04F5CC3127DBB0900097811E /* PhotoPresenter.swift in Sources */ = {isa = PBXBuildFile; fileRef = 04F5CC2D27DBB0900097811E /* PhotoPresenter.swift */; };
		04F5CC3227DBB0900097811E /* PhotoRouter.swift in Sources */ = {isa = PBXBuildFile; fileRef = 04F5CC2E27DBB0900097811E /* PhotoRouter.swift */; };
		04F5CC3327DBB0900097811E /* PhotoViewController.swift in Sources */ = {isa = PBXBuildFile; fileRef = 04F5CC2F27DBB0900097811E /* PhotoViewController.swift */; };
		04F5CC3427DBB0900097811E /* PhotoConfigurator.swift in Sources */ = {isa = PBXBuildFile; fileRef = 04F5CC3027DBB0900097811E /* PhotoConfigurator.swift */; };
		7DB1494D003A5AB28AF9AED9 /* Pods_TakeAndSendPhotos.framework in Frameworks */ = {isa = PBXBuildFile; fileRef = 8B7FDF142C754248819F33B7 /* Pods_TakeAndSendPhotos.framework */; };
/* End PBXBuildFile section */

/* Begin PBXFileReference section */
		04F5CBED27D400B70097811E /* TakeAndSendPhotos.app */ = {isa = PBXFileReference; explicitFileType = wrapper.application; includeInIndex = 0; path = TakeAndSendPhotos.app; sourceTree = BUILT_PRODUCTS_DIR; };
		04F5CBF027D400B70097811E /* AppDelegate.swift */ = {isa = PBXFileReference; lastKnownFileType = sourcecode.swift; path = AppDelegate.swift; sourceTree = "<group>"; };
		04F5CBF227D400B70097811E /* SceneDelegate.swift */ = {isa = PBXFileReference; lastKnownFileType = sourcecode.swift; path = SceneDelegate.swift; sourceTree = "<group>"; };
		04F5CBF427D400B70097811E /* ViewController.swift */ = {isa = PBXFileReference; lastKnownFileType = sourcecode.swift; path = ViewController.swift; sourceTree = "<group>"; };
		04F5CBF927D400B90097811E /* Assets.xcassets */ = {isa = PBXFileReference; lastKnownFileType = folder.assetcatalog; path = Assets.xcassets; sourceTree = "<group>"; };
		04F5CBFC27D400B90097811E /* Base */ = {isa = PBXFileReference; lastKnownFileType = file.storyboard; name = Base; path = Base.lproj/LaunchScreen.storyboard; sourceTree = "<group>"; };
		04F5CBFE27D400B90097811E /* Info.plist */ = {isa = PBXFileReference; lastKnownFileType = text.plist.xml; path = Info.plist; sourceTree = "<group>"; };
		04F5CC0727D408670097811E /* DataModel.swift */ = {isa = PBXFileReference; lastKnownFileType = sourcecode.swift; path = DataModel.swift; sourceTree = "<group>"; };
		04F5CC0927D4CCE80097811E /* NetworkManager.swift */ = {isa = PBXFileReference; lastKnownFileType = sourcecode.swift; path = NetworkManager.swift; sourceTree = "<group>"; };
		04F5CC1827DA3DBF0097811E /* RequestInterceptor.swift */ = {isa = PBXFileReference; lastKnownFileType = sourcecode.swift; path = RequestInterceptor.swift; sourceTree = "<group>"; };
		04F5CC1B27DA5ADB0097811E /* RootPresenter.swift */ = {isa = PBXFileReference; lastKnownFileType = sourcecode.swift; path = RootPresenter.swift; sourceTree = "<group>"; };
		04F5CC1C27DA5ADB0097811E /* RootRouter.swift */ = {isa = PBXFileReference; lastKnownFileType = sourcecode.swift; path = RootRouter.swift; sourceTree = "<group>"; };
		04F5CC1D27DA5ADB0097811E /* RootViewController.swift */ = {isa = PBXFileReference; lastKnownFileType = sourcecode.swift; path = RootViewController.swift; sourceTree = "<group>"; };
		04F5CC1E27DA5ADB0097811E /* RootConfigurator.swift */ = {isa = PBXFileReference; lastKnownFileType = sourcecode.swift; path = RootConfigurator.swift; sourceTree = "<group>"; };
		04F5CC2427DA5B050097811E /* BasePresenter.swift */ = {isa = PBXFileReference; lastKnownFileType = sourcecode.swift; path = BasePresenter.swift; sourceTree = "<group>"; };
		04F5CC2627DA5B690097811E /* ViewRoutable.swift */ = {isa = PBXFileReference; lastKnownFileType = sourcecode.swift; path = ViewRoutable.swift; sourceTree = "<group>"; };
		04F5CC2827DA5D740097811E /* KeyChainManager.swift */ = {isa = PBXFileReference; lastKnownFileType = sourcecode.swift; path = KeyChainManager.swift; sourceTree = "<group>"; };
		04F5CC2D27DBB0900097811E /* PhotoPresenter.swift */ = {isa = PBXFileReference; lastKnownFileType = sourcecode.swift; path = PhotoPresenter.swift; sourceTree = "<group>"; };
		04F5CC2E27DBB0900097811E /* PhotoRouter.swift */ = {isa = PBXFileReference; lastKnownFileType = sourcecode.swift; path = PhotoRouter.swift; sourceTree = "<group>"; };
		04F5CC2F27DBB0900097811E /* PhotoViewController.swift */ = {isa = PBXFileReference; lastKnownFileType = sourcecode.swift; path = PhotoViewController.swift; sourceTree = "<group>"; };
		04F5CC3027DBB0900097811E /* PhotoConfigurator.swift */ = {isa = PBXFileReference; lastKnownFileType = sourcecode.swift; path = PhotoConfigurator.swift; sourceTree = "<group>"; };
		8B7FDF142C754248819F33B7 /* Pods_TakeAndSendPhotos.framework */ = {isa = PBXFileReference; explicitFileType = wrapper.framework; includeInIndex = 0; path = Pods_TakeAndSendPhotos.framework; sourceTree = BUILT_PRODUCTS_DIR; };
		BDCB06B6DBB4F24DD4AB6257 /* Pods-TakeAndSendPhotos.release.xcconfig */ = {isa = PBXFileReference; includeInIndex = 1; lastKnownFileType = text.xcconfig; name = "Pods-TakeAndSendPhotos.release.xcconfig"; path = "Target Support Files/Pods-TakeAndSendPhotos/Pods-TakeAndSendPhotos.release.xcconfig"; sourceTree = "<group>"; };
		C9C076ABD4415E3365D155A8 /* Pods-TakeAndSendPhotos.debug.xcconfig */ = {isa = PBXFileReference; includeInIndex = 1; lastKnownFileType = text.xcconfig; name = "Pods-TakeAndSendPhotos.debug.xcconfig"; path = "Target Support Files/Pods-TakeAndSendPhotos/Pods-TakeAndSendPhotos.debug.xcconfig"; sourceTree = "<group>"; };
/* End PBXFileReference section */

/* Begin PBXFrameworksBuildPhase section */
		04F5CBEA27D400B70097811E /* Frameworks */ = {
			isa = PBXFrameworksBuildPhase;
			buildActionMask = 2147483647;
			files = (
				7DB1494D003A5AB28AF9AED9 /* Pods_TakeAndSendPhotos.framework in Frameworks */,
			);
			runOnlyForDeploymentPostprocessing = 0;
		};
/* End PBXFrameworksBuildPhase section */

/* Begin PBXGroup section */
		04F5CBE427D400B70097811E = {
			isa = PBXGroup;
			children = (
				04F5CBEF27D400B70097811E /* TakeAndSendPhotos */,
				04F5CBEE27D400B70097811E /* Products */,
				13BF303EEFC5F9D876136637 /* Pods */,
				B0495236D7ED583807997C2D /* Frameworks */,
			);
			sourceTree = "<group>";
		};
		04F5CBEE27D400B70097811E /* Products */ = {
			isa = PBXGroup;
			children = (
				04F5CBED27D400B70097811E /* TakeAndSendPhotos.app */,
			);
			name = Products;
			sourceTree = "<group>";
		};
		04F5CBEF27D400B70097811E /* TakeAndSendPhotos */ = {
			isa = PBXGroup;
			children = (
				04F5CC2327DA5AF00097811E /* Common */,
				04F5CC1327D500570097811E /* App */,
				04F5CC0D27D4FE880097811E /* Screen */,
				04F5CC0C27D4FE7F0097811E /* Domain */,
				04F5CC0B27D4FE5E0097811E /* NetworkLayer */,
				04F5CBF427D400B70097811E /* ViewController.swift */,
				04F5CBF927D400B90097811E /* Assets.xcassets */,
				04F5CBFB27D400B90097811E /* LaunchScreen.storyboard */,
				04F5CBFE27D400B90097811E /* Info.plist */,
			);
			path = TakeAndSendPhotos;
			sourceTree = "<group>";
		};
		04F5CC0B27D4FE5E0097811E /* NetworkLayer */ = {
			isa = PBXGroup;
			children = (
				04F5CC0927D4CCE80097811E /* NetworkManager.swift */,
				04F5CC1827DA3DBF0097811E /* RequestInterceptor.swift */,
			);
			path = NetworkLayer;
			sourceTree = "<group>";
		};
		04F5CC0C27D4FE7F0097811E /* Domain */ = {
			isa = PBXGroup;
			children = (
				04F5CC0727D408670097811E /* DataModel.swift */,
				04F5CC2827DA5D740097811E /* KeyChainManager.swift */,
			);
			path = Domain;
			sourceTree = "<group>";
		};
		04F5CC0D27D4FE880097811E /* Screen */ = {
			isa = PBXGroup;
			children = (
				04F5CC2C27DB17450097811E /* Photo */,
				04F5CC1A27DA5AC10097811E /* Root */,
			);
			path = Screen;
			sourceTree = "<group>";
		};
		04F5CC1327D500570097811E /* App */ = {
			isa = PBXGroup;
			children = (
				04F5CBF227D400B70097811E /* SceneDelegate.swift */,
				04F5CBF027D400B70097811E /* AppDelegate.swift */,
			);
			path = App;
			sourceTree = "<group>";
		};
		04F5CC1A27DA5AC10097811E /* Root */ = {
			isa = PBXGroup;
			children = (
				04F5CC1B27DA5ADB0097811E /* RootPresenter.swift */,
				04F5CC1C27DA5ADB0097811E /* RootRouter.swift */,
				04F5CC1D27DA5ADB0097811E /* RootViewController.swift */,
				04F5CC1E27DA5ADB0097811E /* RootConfigurator.swift */,
			);
			path = Root;
			sourceTree = "<group>";
		};
		04F5CC2327DA5AF00097811E /* Common */ = {
			isa = PBXGroup;
			children = (
				04F5CC2427DA5B050097811E /* BasePresenter.swift */,
				04F5CC2627DA5B690097811E /* ViewRoutable.swift */,
			);
			path = Common;
			sourceTree = "<group>";
		};
		04F5CC2C27DB17450097811E /* Photo */ = {
			isa = PBXGroup;
			children = (
				04F5CC2D27DBB0900097811E /* PhotoPresenter.swift */,
				04F5CC2E27DBB0900097811E /* PhotoRouter.swift */,
				04F5CC2F27DBB0900097811E /* PhotoViewController.swift */,
				04F5CC3027DBB0900097811E /* PhotoConfigurator.swift */,
			);
			path = Photo;
			sourceTree = "<group>";
		};
		13BF303EEFC5F9D876136637 /* Pods */ = {
			isa = PBXGroup;
			children = (
				C9C076ABD4415E3365D155A8 /* Pods-TakeAndSendPhotos.debug.xcconfig */,
				BDCB06B6DBB4F24DD4AB6257 /* Pods-TakeAndSendPhotos.release.xcconfig */,
			);
			path = Pods;
			sourceTree = "<group>";
		};
		B0495236D7ED583807997C2D /* Frameworks */ = {
			isa = PBXGroup;
			children = (
				8B7FDF142C754248819F33B7 /* Pods_TakeAndSendPhotos.framework */,
			);
			name = Frameworks;
			sourceTree = "<group>";
		};
/* End PBXGroup section */

/* Begin PBXNativeTarget section */
		04F5CBEC27D400B70097811E /* TakeAndSendPhotos */ = {
			isa = PBXNativeTarget;
			buildConfigurationList = 04F5CC0127D400B90097811E /* Build configuration list for PBXNativeTarget "TakeAndSendPhotos" */;
			buildPhases = (
				524EE3D8EF5A159022B22BCD /* [CP] Check Pods Manifest.lock */,
				04F5CBE927D400B70097811E /* Sources */,
				04F5CBEA27D400B70097811E /* Frameworks */,
				04F5CBEB27D400B70097811E /* Resources */,
				9424A8E41A835D4FF4761E0B /* [CP] Embed Pods Frameworks */,
			);
			buildRules = (
			);
			dependencies = (
			);
			name = TakeAndSendPhotos;
			productName = TakeAndSendPhotos;
			productReference = 04F5CBED27D400B70097811E /* TakeAndSendPhotos.app */;
			productType = "com.apple.product-type.application";
		};
/* End PBXNativeTarget section */

/* Begin PBXProject section */
		04F5CBE527D400B70097811E /* Project object */ = {
			isa = PBXProject;
			attributes = {
				BuildIndependentTargetsInParallel = 1;
				LastSwiftUpdateCheck = 1320;
				LastUpgradeCheck = 1320;
				TargetAttributes = {
					04F5CBEC27D400B70097811E = {
						CreatedOnToolsVersion = 13.2.1;
					};
				};
			};
			buildConfigurationList = 04F5CBE827D400B70097811E /* Build configuration list for PBXProject "TakeAndSendPhotos" */;
			compatibilityVersion = "Xcode 13.0";
			developmentRegion = en;
			hasScannedForEncodings = 0;
			knownRegions = (
				en,
				Base,
			);
			mainGroup = 04F5CBE427D400B70097811E;
			productRefGroup = 04F5CBEE27D400B70097811E /* Products */;
			projectDirPath = "";
			projectRoot = "";
			targets = (
				04F5CBEC27D400B70097811E /* TakeAndSendPhotos */,
			);
		};
/* End PBXProject section */

/* Begin PBXResourcesBuildPhase section */
		04F5CBEB27D400B70097811E /* Resources */ = {
			isa = PBXResourcesBuildPhase;
			buildActionMask = 2147483647;
			files = (
				04F5CBFD27D400B90097811E /* LaunchScreen.storyboard in Resources */,
				04F5CBFA27D400B90097811E /* Assets.xcassets in Resources */,
			);
			runOnlyForDeploymentPostprocessing = 0;
		};
/* End PBXResourcesBuildPhase section */

/* Begin PBXShellScriptBuildPhase section */
		524EE3D8EF5A159022B22BCD /* [CP] Check Pods Manifest.lock */ = {
			isa = PBXShellScriptBuildPhase;
			buildActionMask = 2147483647;
			files = (
			);
			inputFileListPaths = (
			);
			inputPaths = (
				"${PODS_PODFILE_DIR_PATH}/Podfile.lock",
				"${PODS_ROOT}/Manifest.lock",
			);
			name = "[CP] Check Pods Manifest.lock";
			outputFileListPaths = (
			);
			outputPaths = (
				"$(DERIVED_FILE_DIR)/Pods-TakeAndSendPhotos-checkManifestLockResult.txt",
			);
			runOnlyForDeploymentPostprocessing = 0;
			shellPath = /bin/sh;
			shellScript = "diff \"${PODS_PODFILE_DIR_PATH}/Podfile.lock\" \"${PODS_ROOT}/Manifest.lock\" > /dev/null\nif [ $? != 0 ] ; then\n    # print error to STDERR\n    echo \"error: The sandbox is not in sync with the Podfile.lock. Run 'pod install' or update your CocoaPods installation.\" >&2\n    exit 1\nfi\n# This output is used by Xcode 'outputs' to avoid re-running this script phase.\necho \"SUCCESS\" > \"${SCRIPT_OUTPUT_FILE_0}\"\n";
			showEnvVarsInLog = 0;
		};
		9424A8E41A835D4FF4761E0B /* [CP] Embed Pods Frameworks */ = {
			isa = PBXShellScriptBuildPhase;
			buildActionMask = 2147483647;
			files = (
			);
			inputFileListPaths = (
				"${PODS_ROOT}/Target Support Files/Pods-TakeAndSendPhotos/Pods-TakeAndSendPhotos-frameworks-${CONFIGURATION}-input-files.xcfilelist",
			);
			name = "[CP] Embed Pods Frameworks";
			outputFileListPaths = (
				"${PODS_ROOT}/Target Support Files/Pods-TakeAndSendPhotos/Pods-TakeAndSendPhotos-frameworks-${CONFIGURATION}-output-files.xcfilelist",
			);
			runOnlyForDeploymentPostprocessing = 0;
			shellPath = /bin/sh;
			shellScript = "\"${PODS_ROOT}/Target Support Files/Pods-TakeAndSendPhotos/Pods-TakeAndSendPhotos-frameworks.sh\"\n";
			showEnvVarsInLog = 0;
		};
/* End PBXShellScriptBuildPhase section */

/* Begin PBXSourcesBuildPhase section */
		04F5CBE927D400B70097811E /* Sources */ = {
			isa = PBXSourcesBuildPhase;
			buildActionMask = 2147483647;
			files = (
				04F5CC1F27DA5ADB0097811E /* RootPresenter.swift in Sources */,
				04F5CC2527DA5B050097811E /* BasePresenter.swift in Sources */,
				04F5CC3227DBB0900097811E /* PhotoRouter.swift in Sources */,
				04F5CC0A27D4CCE80097811E /* NetworkManager.swift in Sources */,
				04F5CC2127DA5ADB0097811E /* RootViewController.swift in Sources */,
				04F5CC1927DA3DBF0097811E /* RequestInterceptor.swift in Sources */,
				04F5CC3127DBB0900097811E /* PhotoPresenter.swift in Sources */,
				04F5CBF527D400B70097811E /* ViewController.swift in Sources */,
				04F5CC2227DA5ADB0097811E /* RootConfigurator.swift in Sources */,
				04F5CC2927DA5D740097811E /* KeyChainManager.swift in Sources */,
				04F5CC0827D408670097811E /* DataModel.swift in Sources */,
				04F5CBF127D400B70097811E /* AppDelegate.swift in Sources */,
				04F5CC2027DA5ADB0097811E /* RootRouter.swift in Sources */,
				04F5CC3327DBB0900097811E /* PhotoViewController.swift in Sources */,
				04F5CBF327D400B70097811E /* SceneDelegate.swift in Sources */,
				04F5CC3427DBB0900097811E /* PhotoConfigurator.swift in Sources */,
				04F5CC2727DA5B690097811E /* ViewRoutable.swift in Sources */,
			);
			runOnlyForDeploymentPostprocessing = 0;
		};
/* End PBXSourcesBuildPhase section */

/* Begin PBXVariantGroup section */
		04F5CBFB27D400B90097811E /* LaunchScreen.storyboard */ = {
			isa = PBXVariantGroup;
			children = (
				04F5CBFC27D400B90097811E /* Base */,
			);
			name = LaunchScreen.storyboard;
			sourceTree = "<group>";
		};
/* End PBXVariantGroup section */

/* Begin XCBuildConfiguration section */
		04F5CBFF27D400B90097811E /* Debug */ = {
			isa = XCBuildConfiguration;
			buildSettings = {
				ALWAYS_SEARCH_USER_PATHS = NO;
				CLANG_ANALYZER_NONNULL = YES;
				CLANG_ANALYZER_NUMBER_OBJECT_CONVERSION = YES_AGGRESSIVE;
				CLANG_CXX_LANGUAGE_STANDARD = "gnu++17";
				CLANG_CXX_LIBRARY = "libc++";
				CLANG_ENABLE_MODULES = YES;
				CLANG_ENABLE_OBJC_ARC = YES;
				CLANG_ENABLE_OBJC_WEAK = YES;
				CLANG_WARN_BLOCK_CAPTURE_AUTORELEASING = YES;
				CLANG_WARN_BOOL_CONVERSION = YES;
				CLANG_WARN_COMMA = YES;
				CLANG_WARN_CONSTANT_CONVERSION = YES;
				CLANG_WARN_DEPRECATED_OBJC_IMPLEMENTATIONS = YES;
				CLANG_WARN_DIRECT_OBJC_ISA_USAGE = YES_ERROR;
				CLANG_WARN_DOCUMENTATION_COMMENTS = YES;
				CLANG_WARN_EMPTY_BODY = YES;
				CLANG_WARN_ENUM_CONVERSION = YES;
				CLANG_WARN_INFINITE_RECURSION = YES;
				CLANG_WARN_INT_CONVERSION = YES;
				CLANG_WARN_NON_LITERAL_NULL_CONVERSION = YES;
				CLANG_WARN_OBJC_IMPLICIT_RETAIN_SELF = YES;
				CLANG_WARN_OBJC_LITERAL_CONVERSION = YES;
				CLANG_WARN_OBJC_ROOT_CLASS = YES_ERROR;
				CLANG_WARN_QUOTED_INCLUDE_IN_FRAMEWORK_HEADER = YES;
				CLANG_WARN_RANGE_LOOP_ANALYSIS = YES;
				CLANG_WARN_STRICT_PROTOTYPES = YES;
				CLANG_WARN_SUSPICIOUS_MOVE = YES;
				CLANG_WARN_UNGUARDED_AVAILABILITY = YES_AGGRESSIVE;
				CLANG_WARN_UNREACHABLE_CODE = YES;
				CLANG_WARN__DUPLICATE_METHOD_MATCH = YES;
				COPY_PHASE_STRIP = NO;
				DEBUG_INFORMATION_FORMAT = dwarf;
				ENABLE_STRICT_OBJC_MSGSEND = YES;
				ENABLE_TESTABILITY = YES;
				GCC_C_LANGUAGE_STANDARD = gnu11;
				GCC_DYNAMIC_NO_PIC = NO;
				GCC_NO_COMMON_BLOCKS = YES;
				GCC_OPTIMIZATION_LEVEL = 0;
				GCC_PREPROCESSOR_DEFINITIONS = (
					"DEBUG=1",
					"$(inherited)",
				);
				GCC_WARN_64_TO_32_BIT_CONVERSION = YES;
				GCC_WARN_ABOUT_RETURN_TYPE = YES_ERROR;
				GCC_WARN_UNDECLARED_SELECTOR = YES;
				GCC_WARN_UNINITIALIZED_AUTOS = YES_AGGRESSIVE;
				GCC_WARN_UNUSED_FUNCTION = YES;
				GCC_WARN_UNUSED_VARIABLE = YES;
				IPHONEOS_DEPLOYMENT_TARGET = 14.0;
				MTL_ENABLE_DEBUG_INFO = INCLUDE_SOURCE;
				MTL_FAST_MATH = YES;
				ONLY_ACTIVE_ARCH = YES;
				SDKROOT = iphoneos;
				SWIFT_ACTIVE_COMPILATION_CONDITIONS = DEBUG;
				SWIFT_OPTIMIZATION_LEVEL = "-Onone";
			};
			name = Debug;
		};
		04F5CC0027D400B90097811E /* Release */ = {
			isa = XCBuildConfiguration;
			buildSettings = {
				ALWAYS_SEARCH_USER_PATHS = NO;
				CLANG_ANALYZER_NONNULL = YES;
				CLANG_ANALYZER_NUMBER_OBJECT_CONVERSION = YES_AGGRESSIVE;
				CLANG_CXX_LANGUAGE_STANDARD = "gnu++17";
				CLANG_CXX_LIBRARY = "libc++";
				CLANG_ENABLE_MODULES = YES;
				CLANG_ENABLE_OBJC_ARC = YES;
				CLANG_ENABLE_OBJC_WEAK = YES;
				CLANG_WARN_BLOCK_CAPTURE_AUTORELEASING = YES;
				CLANG_WARN_BOOL_CONVERSION = YES;
				CLANG_WARN_COMMA = YES;
				CLANG_WARN_CONSTANT_CONVERSION = YES;
				CLANG_WARN_DEPRECATED_OBJC_IMPLEMENTATIONS = YES;
				CLANG_WARN_DIRECT_OBJC_ISA_USAGE = YES_ERROR;
				CLANG_WARN_DOCUMENTATION_COMMENTS = YES;
				CLANG_WARN_EMPTY_BODY = YES;
				CLANG_WARN_ENUM_CONVERSION = YES;
				CLANG_WARN_INFINITE_RECURSION = YES;
				CLANG_WARN_INT_CONVERSION = YES;
				CLANG_WARN_NON_LITERAL_NULL_CONVERSION = YES;
				CLANG_WARN_OBJC_IMPLICIT_RETAIN_SELF = YES;
				CLANG_WARN_OBJC_LITERAL_CONVERSION = YES;
				CLANG_WARN_OBJC_ROOT_CLASS = YES_ERROR;
				CLANG_WARN_QUOTED_INCLUDE_IN_FRAMEWORK_HEADER = YES;
				CLANG_WARN_RANGE_LOOP_ANALYSIS = YES;
				CLANG_WARN_STRICT_PROTOTYPES = YES;
				CLANG_WARN_SUSPICIOUS_MOVE = YES;
				CLANG_WARN_UNGUARDED_AVAILABILITY = YES_AGGRESSIVE;
				CLANG_WARN_UNREACHABLE_CODE = YES;
				CLANG_WARN__DUPLICATE_METHOD_MATCH = YES;
				COPY_PHASE_STRIP = NO;
				DEBUG_INFORMATION_FORMAT = "dwarf-with-dsym";
				ENABLE_NS_ASSERTIONS = NO;
				ENABLE_STRICT_OBJC_MSGSEND = YES;
				GCC_C_LANGUAGE_STANDARD = gnu11;
				GCC_NO_COMMON_BLOCKS = YES;
				GCC_WARN_64_TO_32_BIT_CONVERSION = YES;
				GCC_WARN_ABOUT_RETURN_TYPE = YES_ERROR;
				GCC_WARN_UNDECLARED_SELECTOR = YES;
				GCC_WARN_UNINITIALIZED_AUTOS = YES_AGGRESSIVE;
				GCC_WARN_UNUSED_FUNCTION = YES;
				GCC_WARN_UNUSED_VARIABLE = YES;
				IPHONEOS_DEPLOYMENT_TARGET = 14.0;
				MTL_ENABLE_DEBUG_INFO = NO;
				MTL_FAST_MATH = YES;
				SDKROOT = iphoneos;
				SWIFT_COMPILATION_MODE = wholemodule;
				SWIFT_OPTIMIZATION_LEVEL = "-O";
				VALIDATE_PRODUCT = YES;
			};
			name = Release;
		};
		04F5CC0227D400B90097811E /* Debug */ = {
			isa = XCBuildConfiguration;
			baseConfigurationReference = C9C076ABD4415E3365D155A8 /* Pods-TakeAndSendPhotos.debug.xcconfig */;
			buildSettings = {
				ASSETCATALOG_COMPILER_APPICON_NAME = AppIcon;
				ASSETCATALOG_COMPILER_GLOBAL_ACCENT_COLOR_NAME = AccentColor;
				CODE_SIGN_STYLE = Automatic;
				CURRENT_PROJECT_VERSION = 1;
				DEVELOPMENT_TEAM = 8RR9M64TNW;
				GENERATE_INFOPLIST_FILE = YES;
				INFOPLIST_FILE = TakeAndSendPhotos/Info.plist;
				INFOPLIST_KEY_UIApplicationSupportsIndirectInputEvents = YES;
				INFOPLIST_KEY_UILaunchStoryboardName = LaunchScreen;
				INFOPLIST_KEY_UISupportedInterfaceOrientations_iPad = "UIInterfaceOrientationPortrait UIInterfaceOrientationPortraitUpsideDown UIInterfaceOrientationLandscapeLeft UIInterfaceOrientationLandscapeRight";
				INFOPLIST_KEY_UISupportedInterfaceOrientations_iPhone = "UIInterfaceOrientationPortrait UIInterfaceOrientationLandscapeLeft UIInterfaceOrientationLandscapeRight";
				LD_RUNPATH_SEARCH_PATHS = (
					"$(inherited)",
					"@executable_path/Frameworks",
				);
				MARKETING_VERSION = 1.0;
				PRODUCT_BUNDLE_IDENTIFIER = semjon.g.TakeAndSendPhotos;
				PRODUCT_NAME = "$(TARGET_NAME)";
				SWIFT_EMIT_LOC_STRINGS = YES;
				SWIFT_VERSION = 5.0;
				TARGETED_DEVICE_FAMILY = 1;
			};
			name = Debug;
		};
		04F5CC0327D400B90097811E /* Release */ = {
			isa = XCBuildConfiguration;
			baseConfigurationReference = BDCB06B6DBB4F24DD4AB6257 /* Pods-TakeAndSendPhotos.release.xcconfig */;
			buildSettings = {
				ASSETCATALOG_COMPILER_APPICON_NAME = AppIcon;
				ASSETCATALOG_COMPILER_GLOBAL_ACCENT_COLOR_NAME = AccentColor;
				CODE_SIGN_STYLE = Automatic;
				CURRENT_PROJECT_VERSION = 1;
				DEVELOPMENT_TEAM = 8RR9M64TNW;
				GENERATE_INFOPLIST_FILE = YES;
				INFOPLIST_FILE = TakeAndSendPhotos/Info.plist;
				INFOPLIST_KEY_UIApplicationSupportsIndirectInputEvents = YES;
				INFOPLIST_KEY_UILaunchStoryboardName = LaunchScreen;
				INFOPLIST_KEY_UISupportedInterfaceOrientations_iPad = "UIInterfaceOrientationPortrait UIInterfaceOrientationPortraitUpsideDown UIInterfaceOrientationLandscapeLeft UIInterfaceOrientationLandscapeRight";
				INFOPLIST_KEY_UISupportedInterfaceOrientations_iPhone = "UIInterfaceOrientationPortrait UIInterfaceOrientationLandscapeLeft UIInterfaceOrientationLandscapeRight";
				LD_RUNPATH_SEARCH_PATHS = (
					"$(inherited)",
					"@executable_path/Frameworks",
				);
				MARKETING_VERSION = 1.0;
				PRODUCT_BUNDLE_IDENTIFIER = semjon.g.TakeAndSendPhotos;
				PRODUCT_NAME = "$(TARGET_NAME)";
				SWIFT_EMIT_LOC_STRINGS = YES;
				SWIFT_VERSION = 5.0;
				TARGETED_DEVICE_FAMILY = 1;
			};
			name = Release;
		};
/* End XCBuildConfiguration section */

/* Begin XCConfigurationList section */
		04F5CBE827D400B70097811E /* Build configuration list for PBXProject "TakeAndSendPhotos" */ = {
			isa = XCConfigurationList;
			buildConfigurations = (
				04F5CBFF27D400B90097811E /* Debug */,
				04F5CC0027D400B90097811E /* Release */,
			);
			defaultConfigurationIsVisible = 0;
			defaultConfigurationName = Release;
		};
		04F5CC0127D400B90097811E /* Build configuration list for PBXNativeTarget "TakeAndSendPhotos" */ = {
			isa = XCConfigurationList;
			buildConfigurations = (
				04F5CC0227D400B90097811E /* Debug */,
				04F5CC0327D400B90097811E /* Release */,
			);
			defaultConfigurationIsVisible = 0;
			defaultConfigurationName = Release;
		};
/* End XCConfigurationList section */
	};
	rootObject = 04F5CBE527D400B70097811E /* Project object */;
}
